{
  "name": "coc-git-looker",
  "version": "0.0.1",
  "lockfileVersion": 1,
  "requires": true,
  "dependencies": {
    "coc": {
      "version": "1.0.0",
      "resolved": "https://artifactory.us-east-1.bamgrid.net/api/npm/fed-npm/coc/-/coc-1.0.0.tgz",
      "integrity": "sha1-87x1T+pg9x1C7OO5fhtCzmGr2wQ="
    }
  }
}
